{
  "name": "npmjcl",
  "version": "1.0.0",
  "lockfileVersion": 1,
  "requires": true,
  "dependencies": {
    "cobol-parsers": {
      "version": "1.0.12",
      "resolved": "https://registry.npmjs.org/cobol-parsers/-/cobol-parsers-1.0.12.tgz",
      "integrity": "sha512-dD837g7NBqHTDCI2IoH1aU0KgM6V2H53D4G+O/xLp+cyqXpEw8BnwsLHQdL8bDbJsqSCGwN+qHL4p194GEwJAQ=="
    }
  }
}
